
Microsoft Visual Studio Solution File, Format Version 12.00
# Visual Studio Version 17
VisualStudioVersion = 17.0.31903.59
MinimumVisualStudioVersion = 10.0.40219.1
Project("{2150E333-8FDC-42A3-9474-1A3956D46DE8}") = "src", "src", "{D9DB25BB-0375-4FA6-A6FF-94EF25143BCA}"
EndProject
Project("{FAE04EC0-301F-11D3-BF4B-00C04F79EFBC}") = "HCI.AIAssistant.API", "src\HCI.AIAssistant.API\HCI.AIAssistant.API.csproj", "{5394924D-3D99-4B5B-8600-C1458535E73D}"
EndProject
Global
	GlobalSection(SolutionConfigurationPlatforms) = preSolution
		Debug|Any CPU = Debug|Any CPU
		Release|Any CPU = Release|Any CPU
	EndGlobalSection
	GlobalSection(SolutionProperties) = preSolution
		HideSolutionNode = FALSE
	EndGlobalSection
	GlobalSection(ProjectConfigurationPlatforms) = postSolution
		{5394924D-3D99-4B5B-8600-C1458535E73D}.Debug|Any CPU.ActiveCfg = Debug|Any CPU
		{5394924D-3D99-4B5B-8600-C1458535E73D}.Debug|Any CPU.Build.0 = Debug|Any CPU
		{5394924D-3D99-4B5B-8600-C1458535E73D}.Release|Any CPU.ActiveCfg = Release|Any CPU
		{5394924D-3D99-4B5B-8600-C1458535E73D}.Release|Any CPU.Build.0 = Release|Any CPU
	EndGlobalSection
	GlobalSection(NestedProjects) = preSolution
		{5394924D-3D99-4B5B-8600-C1458535E73D} = {D9DB25BB-0375-4FA6-A6FF-94EF25143BCA}
	EndGlobalSection
EndGlobal
